
Microsoft Visual Studio Solution File, Format Version 12.00
# Visual Studio Version 17
VisualStudioVersion = 17.9.34616.47
MinimumVisualStudioVersion = 10.0.40219.1
Project("{FAE04EC0-301F-11D3-BF4B-00C04F79EFBC}") = "WinRAR-Password-Crack", "WinRAR-Password-Crack\WinRAR-Password-Crack.csproj", "{B31FBFD8-E556-47B8-8981-B94E192D1032}"
EndProject
Global
	GlobalSection(SolutionConfigurationPlatforms) = preSolution
		Debug|Any CPU = Debug|Any CPU
		Release|Any CPU = Release|Any CPU
	EndGlobalSection
	GlobalSection(ProjectConfigurationPlatforms) = postSolution
		{B31FBFD8-E556-47B8-8981-B94E192D1032}.Debug|Any CPU.ActiveCfg = Debug|Any CPU
		{B31FBFD8-E556-47B8-8981-B94E192D1032}.Debug|Any CPU.Build.0 = Debug|Any CPU
		{B31FBFD8-E556-47B8-8981-B94E192D1032}.Release|Any CPU.ActiveCfg = Release|Any CPU
		{B31FBFD8-E556-47B8-8981-B94E192D1032}.Release|Any CPU.Build.0 = Release|Any CPU
	EndGlobalSection
	GlobalSection(SolutionProperties) = preSolution
		HideSolutionNode = FALSE
	EndGlobalSection
	GlobalSection(ExtensibilityGlobals) = postSolution
		SolutionGuid = {1049070B-74A7-4EC8-BB7F-AE262D11E6ED}
	EndGlobalSection
EndGlobal
